// !$*UTF8*$!
{
	archiveVersion = 1;
	classes = {
	};
	objectVersion = 51;
	objects = {

/* Begin PBXBuildFile section */
		718CF18E3E6662AAE9F9512D /* Pods_nazvanie.framework in Frameworks */ = {isa = PBXBuildFile; fileRef = F64E05B0445367DE0F88A484 /* Pods_nazvanie.framework */; };
		CAED2ABE248B553800024C9B /* AppDelegate.swift in Sources */ = {isa = PBXBuildFile; fileRef = CAED2ABD248B553800024C9B /* AppDelegate.swift */; };
		CAED2AC0248B553800024C9B /* SceneDelegate.swift in Sources */ = {isa = PBXBuildFile; fileRef = CAED2ABF248B553800024C9B /* SceneDelegate.swift */; };
		CAED2AC2248B553800024C9B /* ContentView.swift in Sources */ = {isa = PBXBuildFile; fileRef = CAED2AC1248B553800024C9B /* ContentView.swift */; };
		CAED2AC4248B553D00024C9B /* Assets.xcassets in Resources */ = {isa = PBXBuildFile; fileRef = CAED2AC3248B553D00024C9B /* Assets.xcassets */; };
		CAED2AC7248B553D00024C9B /* Preview Assets.xcassets in Resources */ = {isa = PBXBuildFile; fileRef = CAED2AC6248B553D00024C9B /* Preview Assets.xcassets */; };
		CAED2ACA248B553D00024C9B /* LaunchScreen.storyboard in Resources */ = {isa = PBXBuildFile; fileRef = CAED2AC8248B553D00024C9B /* LaunchScreen.storyboard */; };
		CAED2AD2248B5AEA00024C9B /* MapView.swift in Sources */ = {isa = PBXBuildFile; fileRef = CAED2AD1248B5AEA00024C9B /* MapView.swift */; };
		CAED2AD5248B63E800024C9B /* new_bad.csv in Resources */ = {isa = PBXBuildFile; fileRef = CAED2AD3248B63E600024C9B /* new_bad.csv */; };
		CAED2AD9248B648500024C9B /* CSVObserver.swift in Sources */ = {isa = PBXBuildFile; fileRef = CAED2AD8248B648500024C9B /* CSVObserver.swift */; };
		CAED2ADB248B719700024C9B /* MapObserver.swift in Sources */ = {isa = PBXBuildFile; fileRef = CAED2ADA248B719700024C9B /* MapObserver.swift */; };
		CAED2ADD248B761300024C9B /* MapModel.swift in Sources */ = {isa = PBXBuildFile; fileRef = CAED2ADC248B761300024C9B /* MapModel.swift */; };
/* End PBXBuildFile section */

/* Begin PBXFileReference section */
		62F2C77B8D518C2AFF6ED497 /* Pods-nazvanie.release.xcconfig */ = {isa = PBXFileReference; includeInIndex = 1; lastKnownFileType = text.xcconfig; name = "Pods-nazvanie.release.xcconfig"; path = "Target Support Files/Pods-nazvanie/Pods-nazvanie.release.xcconfig"; sourceTree = "<group>"; };
		CAED2ABA248B553800024C9B /* nazvanie.app */ = {isa = PBXFileReference; explicitFileType = wrapper.application; includeInIndex = 0; path = nazvanie.app; sourceTree = BUILT_PRODUCTS_DIR; };
		CAED2ABD248B553800024C9B /* AppDelegate.swift */ = {isa = PBXFileReference; lastKnownFileType = sourcecode.swift; path = AppDelegate.swift; sourceTree = "<group>"; };
		CAED2ABF248B553800024C9B /* SceneDelegate.swift */ = {isa = PBXFileReference; lastKnownFileType = sourcecode.swift; path = SceneDelegate.swift; sourceTree = "<group>"; };
		CAED2AC1248B553800024C9B /* ContentView.swift */ = {isa = PBXFileReference; lastKnownFileType = sourcecode.swift; path = ContentView.swift; sourceTree = "<group>"; };
		CAED2AC3248B553D00024C9B /* Assets.xcassets */ = {isa = PBXFileReference; lastKnownFileType = folder.assetcatalog; path = Assets.xcassets; sourceTree = "<group>"; };
		CAED2AC6248B553D00024C9B /* Preview Assets.xcassets */ = {isa = PBXFileReference; lastKnownFileType = folder.assetcatalog; path = "Preview Assets.xcassets"; sourceTree = "<group>"; };
		CAED2AC9248B553D00024C9B /* Base */ = {isa = PBXFileReference; lastKnownFileType = file.storyboard; name = Base; path = Base.lproj/LaunchScreen.storyboard; sourceTree = "<group>"; };
		CAED2ACB248B553D00024C9B /* Info.plist */ = {isa = PBXFileReference; lastKnownFileType = text.plist.xml; path = Info.plist; sourceTree = "<group>"; };
		CAED2AD1248B5AEA00024C9B /* MapView.swift */ = {isa = PBXFileReference; lastKnownFileType = sourcecode.swift; path = MapView.swift; sourceTree = "<group>"; };
		CAED2AD3248B63E600024C9B /* new_bad.csv */ = {isa = PBXFileReference; fileEncoding = 4; lastKnownFileType = text; path = new_bad.csv; sourceTree = "<group>"; };
		CAED2AD8248B648500024C9B /* CSVObserver.swift */ = {isa = PBXFileReference; lastKnownFileType = sourcecode.swift; path = CSVObserver.swift; sourceTree = "<group>"; };
		CAED2ADA248B719700024C9B /* MapObserver.swift */ = {isa = PBXFileReference; lastKnownFileType = sourcecode.swift; path = MapObserver.swift; sourceTree = "<group>"; };
		CAED2ADC248B761300024C9B /* MapModel.swift */ = {isa = PBXFileReference; lastKnownFileType = sourcecode.swift; path = MapModel.swift; sourceTree = "<group>"; };
		EDB590F351582627EDE7171C /* Pods-nazvanie.debug.xcconfig */ = {isa = PBXFileReference; includeInIndex = 1; lastKnownFileType = text.xcconfig; name = "Pods-nazvanie.debug.xcconfig"; path = "Target Support Files/Pods-nazvanie/Pods-nazvanie.debug.xcconfig"; sourceTree = "<group>"; };
		F64E05B0445367DE0F88A484 /* Pods_nazvanie.framework */ = {isa = PBXFileReference; explicitFileType = wrapper.framework; includeInIndex = 0; path = Pods_nazvanie.framework; sourceTree = BUILT_PRODUCTS_DIR; };
/* End PBXFileReference section */

/* Begin PBXFrameworksBuildPhase section */
		CAED2AB7248B553800024C9B /* Frameworks */ = {
			isa = PBXFrameworksBuildPhase;
			buildActionMask = 2147483647;
			files = (
				718CF18E3E6662AAE9F9512D /* Pods_nazvanie.framework in Frameworks */,
			);
			runOnlyForDeploymentPostprocessing = 0;
		};
/* End PBXFrameworksBuildPhase section */

/* Begin PBXGroup section */
		23E65524E4FBD4472ACF8111 /* Pods */ = {
			isa = PBXGroup;
			children = (
				EDB590F351582627EDE7171C /* Pods-nazvanie.debug.xcconfig */,
				62F2C77B8D518C2AFF6ED497 /* Pods-nazvanie.release.xcconfig */,
			);
			path = Pods;
			sourceTree = "<group>";
		};
		CAED2AB1248B553800024C9B = {
			isa = PBXGroup;
			children = (
				CAED2ABC248B553800024C9B /* nazvanie */,
				CAED2ABB248B553800024C9B /* Products */,
				23E65524E4FBD4472ACF8111 /* Pods */,
				F1A8AE765928F414014C95FC /* Frameworks */,
			);
			sourceTree = "<group>";
		};
		CAED2ABB248B553800024C9B /* Products */ = {
			isa = PBXGroup;
			children = (
				CAED2ABA248B553800024C9B /* nazvanie.app */,
			);
			name = Products;
			sourceTree = "<group>";
		};
		CAED2ABC248B553800024C9B /* nazvanie */ = {
			isa = PBXGroup;
			children = (
				CAED2AC1248B553800024C9B /* ContentView.swift */,
				CAED2ADA248B719700024C9B /* MapObserver.swift */,
				CAED2AD1248B5AEA00024C9B /* MapView.swift */,
				CAED2ADC248B761300024C9B /* MapModel.swift */,
				CAED2AD8248B648500024C9B /* CSVObserver.swift */,
				CAED2AD7248B63ED00024C9B /* DataSets */,
				CAED2AC3248B553D00024C9B /* Assets.xcassets */,
				CAED2ABF248B553800024C9B /* SceneDelegate.swift */,
				CAED2ABD248B553800024C9B /* AppDelegate.swift */,
				CAED2AC8248B553D00024C9B /* LaunchScreen.storyboard */,
				CAED2ACB248B553D00024C9B /* Info.plist */,
				CAED2AC5248B553D00024C9B /* Preview Content */,
			);
			path = nazvanie;
			sourceTree = "<group>";
		};
		CAED2AC5248B553D00024C9B /* Preview Content */ = {
			isa = PBXGroup;
			children = (
				CAED2AC6248B553D00024C9B /* Preview Assets.xcassets */,
			);
			path = "Preview Content";
			sourceTree = "<group>";
		};
		CAED2AD7248B63ED00024C9B /* DataSets */ = {
			isa = PBXGroup;
			children = (
				CAED2AD3248B63E600024C9B /* new_bad.csv */,
			);
			path = DataSets;
			sourceTree = "<group>";
		};
		F1A8AE765928F414014C95FC /* Frameworks */ = {
			isa = PBXGroup;
			children = (
				F64E05B0445367DE0F88A484 /* Pods_nazvanie.framework */,
			);
			name = Frameworks;
			sourceTree = "<group>";
		};
/* End PBXGroup section */

/* Begin PBXNativeTarget section */
		CAED2AB9248B553800024C9B /* nazvanie */ = {
			isa = PBXNativeTarget;
			buildConfigurationList = CAED2ACE248B553D00024C9B /* Build configuration list for PBXNativeTarget "nazvanie" */;
			buildPhases = (
				200E650AD1A997FE4C3B0B6B /* [CP] Check Pods Manifest.lock */,
				CAED2AB6248B553800024C9B /* Sources */,
				CAED2AB7248B553800024C9B /* Frameworks */,
				CAED2AB8248B553800024C9B /* Resources */,
				056080A36AA7A5148A272E65 /* [CP] Embed Pods Frameworks */,
			);
			buildRules = (
			);
			dependencies = (
			);
			name = nazvanie;
			productName = nazvanie;
			productReference = CAED2ABA248B553800024C9B /* nazvanie.app */;
			productType = "com.apple.product-type.application";
		};
/* End PBXNativeTarget section */

/* Begin PBXProject section */
		CAED2AB2248B553800024C9B /* Project object */ = {
			isa = PBXProject;
			attributes = {
				LastSwiftUpdateCheck = 1140;
				LastUpgradeCheck = 1140;
				ORGANIZATIONNAME = "Кристина Перегудова";
				TargetAttributes = {
					CAED2AB9248B553800024C9B = {
						CreatedOnToolsVersion = 11.4;
					};
				};
			};
			buildConfigurationList = CAED2AB5248B553800024C9B /* Build configuration list for PBXProject "nazvanie" */;
			compatibilityVersion = "Xcode 9.3";
			developmentRegion = en;
			hasScannedForEncodings = 0;
			knownRegions = (
				en,
				Base,
			);
			mainGroup = CAED2AB1248B553800024C9B;
			productRefGroup = CAED2ABB248B553800024C9B /* Products */;
			projectDirPath = "";
			projectRoot = "";
			targets = (
				CAED2AB9248B553800024C9B /* nazvanie */,
			);
		};
/* End PBXProject section */

/* Begin PBXResourcesBuildPhase section */
		CAED2AB8248B553800024C9B /* Resources */ = {
			isa = PBXResourcesBuildPhase;
			buildActionMask = 2147483647;
			files = (
				CAED2ACA248B553D00024C9B /* LaunchScreen.storyboard in Resources */,
				CAED2AD5248B63E800024C9B /* new_bad.csv in Resources */,
				CAED2AC7248B553D00024C9B /* Preview Assets.xcassets in Resources */,
				CAED2AC4248B553D00024C9B /* Assets.xcassets in Resources */,
			);
			runOnlyForDeploymentPostprocessing = 0;
		};
/* End PBXResourcesBuildPhase section */

/* Begin PBXShellScriptBuildPhase section */
		056080A36AA7A5148A272E65 /* [CP] Embed Pods Frameworks */ = {
			isa = PBXShellScriptBuildPhase;
			buildActionMask = 2147483647;
			files = (
			);
			inputFileListPaths = (
				"${PODS_ROOT}/Target Support Files/Pods-nazvanie/Pods-nazvanie-frameworks-${CONFIGURATION}-input-files.xcfilelist",
			);
			name = "[CP] Embed Pods Frameworks";
			outputFileListPaths = (
				"${PODS_ROOT}/Target Support Files/Pods-nazvanie/Pods-nazvanie-frameworks-${CONFIGURATION}-output-files.xcfilelist",
			);
			runOnlyForDeploymentPostprocessing = 0;
			shellPath = /bin/sh;
			shellScript = "\"${PODS_ROOT}/Target Support Files/Pods-nazvanie/Pods-nazvanie-frameworks.sh\"\n";
			showEnvVarsInLog = 0;
		};
		200E650AD1A997FE4C3B0B6B /* [CP] Check Pods Manifest.lock */ = {
			isa = PBXShellScriptBuildPhase;
			buildActionMask = 2147483647;
			files = (
			);
			inputFileListPaths = (
			);
			inputPaths = (
				"${PODS_PODFILE_DIR_PATH}/Podfile.lock",
				"${PODS_ROOT}/Manifest.lock",
			);
			name = "[CP] Check Pods Manifest.lock";
			outputFileListPaths = (
			);
			outputPaths = (
				"$(DERIVED_FILE_DIR)/Pods-nazvanie-checkManifestLockResult.txt",
			);
			runOnlyForDeploymentPostprocessing = 0;
			shellPath = /bin/sh;
			shellScript = "diff \"${PODS_PODFILE_DIR_PATH}/Podfile.lock\" \"${PODS_ROOT}/Manifest.lock\" > /dev/null\nif [ $? != 0 ] ; then\n    # print error to STDERR\n    echo \"error: The sandbox is not in sync with the Podfile.lock. Run 'pod install' or update your CocoaPods installation.\" >&2\n    exit 1\nfi\n# This output is used by Xcode 'outputs' to avoid re-running this script phase.\necho \"SUCCESS\" > \"${SCRIPT_OUTPUT_FILE_0}\"\n";
			showEnvVarsInLog = 0;
		};
/* End PBXShellScriptBuildPhase section */

/* Begin PBXSourcesBuildPhase section */
		CAED2AB6248B553800024C9B /* Sources */ = {
			isa = PBXSourcesBuildPhase;
			buildActionMask = 2147483647;
			files = (
				CAED2ADB248B719700024C9B /* MapObserver.swift in Sources */,
				CAED2ABE248B553800024C9B /* AppDelegate.swift in Sources */,
				CAED2AD2248B5AEA00024C9B /* MapView.swift in Sources */,
				CAED2AD9248B648500024C9B /* CSVObserver.swift in Sources */,
				CAED2ADD248B761300024C9B /* MapModel.swift in Sources */,
				CAED2AC0248B553800024C9B /* SceneDelegate.swift in Sources */,
				CAED2AC2248B553800024C9B /* ContentView.swift in Sources */,
			);
			runOnlyForDeploymentPostprocessing = 0;
		};
/* End PBXSourcesBuildPhase section */

/* Begin PBXVariantGroup section */
		CAED2AC8248B553D00024C9B /* LaunchScreen.storyboard */ = {
			isa = PBXVariantGroup;
			children = (
				CAED2AC9248B553D00024C9B /* Base */,
			);
			name = LaunchScreen.storyboard;
			sourceTree = "<group>";
		};
/* End PBXVariantGroup section */

/* Begin XCBuildConfiguration section */
		CAED2ACC248B553D00024C9B /* Debug */ = {
			isa = XCBuildConfiguration;
			buildSettings = {
				ALWAYS_SEARCH_USER_PATHS = NO;
				CLANG_ANALYZER_NONNULL = YES;
				CLANG_ANALYZER_NUMBER_OBJECT_CONVERSION = YES_AGGRESSIVE;
				CLANG_CXX_LANGUAGE_STANDARD = "gnu++14";
				CLANG_CXX_LIBRARY = "libc++";
				CLANG_ENABLE_MODULES = YES;
				CLANG_ENABLE_OBJC_ARC = YES;
				CLANG_ENABLE_OBJC_WEAK = YES;
				CLANG_WARN_BLOCK_CAPTURE_AUTORELEASING = YES;
				CLANG_WARN_BOOL_CONVERSION = YES;
				CLANG_WARN_COMMA = YES;
				CLANG_WARN_CONSTANT_CONVERSION = YES;
				CLANG_WARN_DEPRECATED_OBJC_IMPLEMENTATIONS = YES;
				CLANG_WARN_DIRECT_OBJC_ISA_USAGE = YES_ERROR;
				CLANG_WARN_DOCUMENTATION_COMMENTS = YES;
				CLANG_WARN_EMPTY_BODY = YES;
				CLANG_WARN_ENUM_CONVERSION = YES;
				CLANG_WARN_INFINITE_RECURSION = YES;
				CLANG_WARN_INT_CONVERSION = YES;
				CLANG_WARN_NON_LITERAL_NULL_CONVERSION = YES;
				CLANG_WARN_OBJC_IMPLICIT_RETAIN_SELF = YES;
				CLANG_WARN_OBJC_LITERAL_CONVERSION = YES;
				CLANG_WARN_OBJC_ROOT_CLASS = YES_ERROR;
				CLANG_WARN_RANGE_LOOP_ANALYSIS = YES;
				CLANG_WARN_STRICT_PROTOTYPES = YES;
				CLANG_WARN_SUSPICIOUS_MOVE = YES;
				CLANG_WARN_UNGUARDED_AVAILABILITY = YES_AGGRESSIVE;
				CLANG_WARN_UNREACHABLE_CODE = YES;
				CLANG_WARN__DUPLICATE_METHOD_MATCH = YES;
				COPY_PHASE_STRIP = NO;
				DEBUG_INFORMATION_FORMAT = dwarf;
				ENABLE_STRICT_OBJC_MSGSEND = YES;
				ENABLE_TESTABILITY = YES;
				GCC_C_LANGUAGE_STANDARD = gnu11;
				GCC_DYNAMIC_NO_PIC = NO;
				GCC_NO_COMMON_BLOCKS = YES;
				GCC_OPTIMIZATION_LEVEL = 0;
				GCC_PREPROCESSOR_DEFINITIONS = (
					"DEBUG=1",
					"$(inherited)",
				);
				GCC_WARN_64_TO_32_BIT_CONVERSION = YES;
				GCC_WARN_ABOUT_RETURN_TYPE = YES_ERROR;
				GCC_WARN_UNDECLARED_SELECTOR = YES;
				GCC_WARN_UNINITIALIZED_AUTOS = YES_AGGRESSIVE;
				GCC_WARN_UNUSED_FUNCTION = YES;
				GCC_WARN_UNUSED_VARIABLE = YES;
				IPHONEOS_DEPLOYMENT_TARGET = 13.4;
				MTL_ENABLE_DEBUG_INFO = INCLUDE_SOURCE;
				MTL_FAST_MATH = YES;
				ONLY_ACTIVE_ARCH = YES;
				SDKROOT = iphoneos;
				SWIFT_ACTIVE_COMPILATION_CONDITIONS = DEBUG;
				SWIFT_OPTIMIZATION_LEVEL = "-Onone";
			};
			name = Debug;
		};
		CAED2ACD248B553D00024C9B /* Release */ = {
			isa = XCBuildConfiguration;
			buildSettings = {
				ALWAYS_SEARCH_USER_PATHS = NO;
				CLANG_ANALYZER_NONNULL = YES;
				CLANG_ANALYZER_NUMBER_OBJECT_CONVERSION = YES_AGGRESSIVE;
				CLANG_CXX_LANGUAGE_STANDARD = "gnu++14";
				CLANG_CXX_LIBRARY = "libc++";
				CLANG_ENABLE_MODULES = YES;
				CLANG_ENABLE_OBJC_ARC = YES;
				CLANG_ENABLE_OBJC_WEAK = YES;
				CLANG_WARN_BLOCK_CAPTURE_AUTORELEASING = YES;
				CLANG_WARN_BOOL_CONVERSION = YES;
				CLANG_WARN_COMMA = YES;
				CLANG_WARN_CONSTANT_CONVERSION = YES;
				CLANG_WARN_DEPRECATED_OBJC_IMPLEMENTATIONS = YES;
				CLANG_WARN_DIRECT_OBJC_ISA_USAGE = YES_ERROR;
				CLANG_WARN_DOCUMENTATION_COMMENTS = YES;
				CLANG_WARN_EMPTY_BODY = YES;
				CLANG_WARN_ENUM_CONVERSION = YES;
				CLANG_WARN_INFINITE_RECURSION = YES;
				CLANG_WARN_INT_CONVERSION = YES;
				CLANG_WARN_NON_LITERAL_NULL_CONVERSION = YES;
				CLANG_WARN_OBJC_IMPLICIT_RETAIN_SELF = YES;
				CLANG_WARN_OBJC_LITERAL_CONVERSION = YES;
				CLANG_WARN_OBJC_ROOT_CLASS = YES_ERROR;
				CLANG_WARN_RANGE_LOOP_ANALYSIS = YES;
				CLANG_WARN_STRICT_PROTOTYPES = YES;
				CLANG_WARN_SUSPICIOUS_MOVE = YES;
				CLANG_WARN_UNGUARDED_AVAILABILITY = YES_AGGRESSIVE;
				CLANG_WARN_UNREACHABLE_CODE = YES;
				CLANG_WARN__DUPLICATE_METHOD_MATCH = YES;
				COPY_PHASE_STRIP = NO;
				DEBUG_INFORMATION_FORMAT = "dwarf-with-dsym";
				ENABLE_NS_ASSERTIONS = NO;
				ENABLE_STRICT_OBJC_MSGSEND = YES;
				GCC_C_LANGUAGE_STANDARD = gnu11;
				GCC_NO_COMMON_BLOCKS = YES;
				GCC_WARN_64_TO_32_BIT_CONVERSION = YES;
				GCC_WARN_ABOUT_RETURN_TYPE = YES_ERROR;
				GCC_WARN_UNDECLARED_SELECTOR = YES;
				GCC_WARN_UNINITIALIZED_AUTOS = YES_AGGRESSIVE;
				GCC_WARN_UNUSED_FUNCTION = YES;
				GCC_WARN_UNUSED_VARIABLE = YES;
				IPHONEOS_DEPLOYMENT_TARGET = 13.4;
				MTL_ENABLE_DEBUG_INFO = NO;
				MTL_FAST_MATH = YES;
				SDKROOT = iphoneos;
				SWIFT_COMPILATION_MODE = wholemodule;
				SWIFT_OPTIMIZATION_LEVEL = "-O";
				VALIDATE_PRODUCT = YES;
			};
			name = Release;
		};
		CAED2ACF248B553D00024C9B /* Debug */ = {
			isa = XCBuildConfiguration;
			baseConfigurationReference = EDB590F351582627EDE7171C /* Pods-nazvanie.debug.xcconfig */;
			buildSettings = {
				ASSETCATALOG_COMPILER_APPICON_NAME = AppIcon;
				CODE_SIGN_STYLE = Automatic;
				DEVELOPMENT_ASSET_PATHS = "\"nazvanie/Preview Content\"";
				DEVELOPMENT_TEAM = 7NZPBTA9R6;
				ENABLE_PREVIEWS = YES;
				INFOPLIST_FILE = nazvanie/Info.plist;
				LD_RUNPATH_SEARCH_PATHS = (
					"$(inherited)",
					"@executable_path/Frameworks",
				);
				PRODUCT_BUNDLE_IDENTIFIER = com.perekrist.nazvanie;
				PRODUCT_NAME = "$(TARGET_NAME)";
				SWIFT_VERSION = 5.0;
				TARGETED_DEVICE_FAMILY = "1,2";
			};
			name = Debug;
		};
		CAED2AD0248B553D00024C9B /* Release */ = {
			isa = XCBuildConfiguration;
			baseConfigurationReference = 62F2C77B8D518C2AFF6ED497 /* Pods-nazvanie.release.xcconfig */;
			buildSettings = {
				ASSETCATALOG_COMPILER_APPICON_NAME = AppIcon;
				CODE_SIGN_STYLE = Automatic;
				DEVELOPMENT_ASSET_PATHS = "\"nazvanie/Preview Content\"";
				DEVELOPMENT_TEAM = 7NZPBTA9R6;
				ENABLE_PREVIEWS = YES;
				INFOPLIST_FILE = nazvanie/Info.plist;
				LD_RUNPATH_SEARCH_PATHS = (
					"$(inherited)",
					"@executable_path/Frameworks",
				);
				PRODUCT_BUNDLE_IDENTIFIER = com.perekrist.nazvanie;
				PRODUCT_NAME = "$(TARGET_NAME)";
				SWIFT_VERSION = 5.0;
				TARGETED_DEVICE_FAMILY = "1,2";
			};
			name = Release;
		};
/* End XCBuildConfiguration section */

/* Begin XCConfigurationList section */
		CAED2AB5248B553800024C9B /* Build configuration list for PBXProject "nazvanie" */ = {
			isa = XCConfigurationList;
			buildConfigurations = (
				CAED2ACC248B553D00024C9B /* Debug */,
				CAED2ACD248B553D00024C9B /* Release */,
			);
			defaultConfigurationIsVisible = 0;
			defaultConfigurationName = Release;
		};
		CAED2ACE248B553D00024C9B /* Build configuration list for PBXNativeTarget "nazvanie" */ = {
			isa = XCConfigurationList;
			buildConfigurations = (
				CAED2ACF248B553D00024C9B /* Debug */,
				CAED2AD0248B553D00024C9B /* Release */,
			);
			defaultConfigurationIsVisible = 0;
			defaultConfigurationName = Release;
		};
/* End XCConfigurationList section */
	};
	rootObject = CAED2AB2248B553800024C9B /* Project object */;
}
